# This file is autogenerated, do not edit; changes may be undone by the next 'dep ensure'.


[[projects]]
  name = "github.com/boombuler/barcode"
  packages = [
    ".",
    "qr",
    "utils"
  ]
  revision = "3cfea5ab600ae37946be2b763b8ec2c1cf2d272d"
  version = "v1.0.0"

[[projects]]
  branch = "master"
  name = "golang.org/x/image"
  packages = [
    "draw",
    "math/f64",
    "tiff/lzw"
  ]
  revision = "cd38e8056d9b27bb2f265effa37fb0ea6b8a7f0f"

[[projects]]
  name = "golang.org/x/text"
  packages = [
    "encoding",
    "encoding/charmap",
    "encoding/internal",
    "encoding/internal/identifier",
    "internal/gen",
    "internal/triegen",
    "internal/ucd",
    "transform",
    "unicode/cldr",
    "unicode/norm"
  ]
  revision = "f21a4dfb5e38f5895301dc265a8def02365cc3d0"
  version = "v0.3.0"

[solve-meta]
  analyzer-name = "dep"
  analyzer-version = 1
  inputs-digest = "564f0035f32edd92273b270310a310d5b3111a181851eb2c0e2f0d514980aa2e"
  solver-name = "gps-cdcl"
  solver-version = 1
